
Microsoft Visual Studio Solution File, Format Version 12.00
# Visual Studio Version 17
VisualStudioVersion = 17.0.31423.177
MinimumVisualStudioVersion = 10.0.40219.1
Project("{FAE04EC0-301F-11D3-BF4B-00C04F79EFBC}") = "WASM-screenshot", "WASM-screenshot\WASM-screenshot.csproj", "{8EF7F88B-E51E-47E2-B8E4-1035CD489C13}"
EndProject
Global
	GlobalSection(SolutionConfigurationPlatforms) = preSolution
		Debug|Any CPU = Debug|Any CPU
		Release|Any CPU = Release|Any CPU
	EndGlobalSection
	GlobalSection(ProjectConfigurationPlatforms) = postSolution
		{8EF7F88B-E51E-47E2-B8E4-1035CD489C13}.Debug|Any CPU.ActiveCfg = Debug|Any CPU
		{8EF7F88B-E51E-47E2-B8E4-1035CD489C13}.Debug|Any CPU.Build.0 = Debug|Any CPU
		{8EF7F88B-E51E-47E2-B8E4-1035CD489C13}.Release|Any CPU.ActiveCfg = Release|Any CPU
		{8EF7F88B-E51E-47E2-B8E4-1035CD489C13}.Release|Any CPU.Build.0 = Release|Any CPU
	EndGlobalSection
	GlobalSection(SolutionProperties) = preSolution
		HideSolutionNode = FALSE
	EndGlobalSection
	GlobalSection(ExtensibilityGlobals) = postSolution
		SolutionGuid = {872291A3-4ABA-4900-887D-AB3EB6301476}
	EndGlobalSection
EndGlobal
